speakeasyVersion: 1.417.0
sources:
    messaging-sdk-php -OAS:
        sourceNamespace: messaging-sdk-php--oas
        sourceRevisionDigest: sha256:a312e7c7e830c4bed7cc1cf86a67c51f5d9910d6f10c4342f7ec6e9a6143f350
        sourceBlobDigest: sha256:701c9720e900e44c2aef3a0e306dc6a08d7bf70907e498c38400677d32efcc43
        tags:
            - latest
targets:
    messaging-sdk-php:
        source: messaging-sdk-php -OAS
        sourceNamespace: messaging-sdk-php--oas
        sourceRevisionDigest: sha256:a312e7c7e830c4bed7cc1cf86a67c51f5d9910d6f10c4342f7ec6e9a6143f350
        sourceBlobDigest: sha256:701c9720e900e44c2aef3a0e306dc6a08d7bf70907e498c38400677d32efcc43
workflow:
    workflowVersion: 1.0.0
    speakeasyVersion: latest
    sources:
        messaging-sdk-php -OAS:
            inputs:
                - location: ..\..\..\app\libs\restApi\openapi.yaml
            overlays:
                - location: .speakeasy\speakeasy-modifications-overlay.yaml
            registry:
                location: registry.speakeasyapi.dev/intermedia/gsmservice-pl/messaging-sdk-php--oas
    targets:
        messaging-sdk-php:
            target: php
            source: messaging-sdk-php -OAS
            codeSamples:
                output: .speakeasy\code-samples-overlay.yaml
                langOverride: php
                labelOverride:
                    fixedValue: PHP 8 SDK
