speakeasyVersion: 1.418.1
sources:
    messaging-sdk-php -OAS:
        sourceNamespace: messaging-sdk-php--oas
        sourceRevisionDigest: sha256:0df970407bdd074d6bef0bc60c8f733c60d1d89c9475df15e4d44061c26ab548
        sourceBlobDigest: sha256:41f691ffae1eca5e3bafd3ff408cb2392a11e0f1c0329de91df3eb9abd462a3f
        tags:
            - latest
targets:
    messaging-sdk-php:
        source: messaging-sdk-php -OAS
        sourceNamespace: messaging-sdk-php--oas
        sourceRevisionDigest: sha256:0df970407bdd074d6bef0bc60c8f733c60d1d89c9475df15e4d44061c26ab548
        sourceBlobDigest: sha256:41f691ffae1eca5e3bafd3ff408cb2392a11e0f1c0329de91df3eb9abd462a3f
workflow:
    workflowVersion: 1.0.0
    speakeasyVersion: latest
    sources:
        messaging-sdk-php -OAS:
            inputs:
                - location: ..\..\..\app\libs\restApi\openapi.yaml
            overlays:
                - location: .speakeasy\speakeasy-modifications-overlay.yaml
            registry:
                location: registry.speakeasyapi.dev/intermedia/gsmservice-pl/messaging-sdk-php--oas
    targets:
        messaging-sdk-php:
            target: php
            source: messaging-sdk-php -OAS
            codeSamples:
                output: .speakeasy\code-samples-overlay.yaml
                langOverride: php
                labelOverride:
                    fixedValue: PHP 8 SDK
