speakeasyVersion: 1.418.1
sources:
    messaging-sdk-php -OAS:
        sourceNamespace: messaging-sdk-php--oas
        sourceRevisionDigest: sha256:727edfd532ccd6c1cfc034b30a97020b2d86ef9249a550633a8cac215b784cdc
        sourceBlobDigest: sha256:58a642a6bb612b3a6fc2f0dc70c638ec51c7b47857cacd99cdf53804842e8f16
        tags:
            - latest
targets:
    messaging-sdk-php:
        source: messaging-sdk-php -OAS
        sourceNamespace: messaging-sdk-php--oas
        sourceRevisionDigest: sha256:727edfd532ccd6c1cfc034b30a97020b2d86ef9249a550633a8cac215b784cdc
        sourceBlobDigest: sha256:58a642a6bb612b3a6fc2f0dc70c638ec51c7b47857cacd99cdf53804842e8f16
workflow:
    workflowVersion: 1.0.0
    speakeasyVersion: latest
    sources:
        messaging-sdk-php -OAS:
            inputs:
                - location: ..\..\..\app\libs\restApi\openapi.yaml
            overlays:
                - location: .speakeasy\speakeasy-modifications-overlay.yaml
            registry:
                location: registry.speakeasyapi.dev/intermedia/gsmservice-pl/messaging-sdk-php--oas
    targets:
        messaging-sdk-php:
            target: php
            source: messaging-sdk-php -OAS
            publish:
                packagist:
                    username: 'gsmservice '
                    token: $packagist_token
            codeSamples:
                output: .speakeasy\code-samples-overlay.yaml
                langOverride: php
                labelOverride:
                    fixedValue: PHP 8 SDK
